
Microsoft Visual Studio Solution File, Format Version 12.00
# Visual Studio Version 16
VisualStudioVersion = 16.0.29424.173
MinimumVisualStudioVersion = 10.0.40219.1
Project("{FAE04EC0-301F-11D3-BF4B-00C04F79EFBC}") = "Todo", "Todo\Todo.csproj", "{0749C058-8B5C-4F5E-8B4D-E5C5BAC1EC89}"
EndProject
Global
	GlobalSection(SolutionConfigurationPlatforms) = preSolution
		Debug|Any CPU = Debug|Any CPU
		Release|Any CPU = Release|Any CPU
	EndGlobalSection
	GlobalSection(ProjectConfigurationPlatforms) = postSolution
		{0749C058-8B5C-4F5E-8B4D-E5C5BAC1EC89}.Debug|Any CPU.ActiveCfg = Debug|Any CPU
		{0749C058-8B5C-4F5E-8B4D-E5C5BAC1EC89}.Debug|Any CPU.Build.0 = Debug|Any CPU
		{0749C058-8B5C-4F5E-8B4D-E5C5BAC1EC89}.Release|Any CPU.ActiveCfg = Release|Any CPU
		{0749C058-8B5C-4F5E-8B4D-E5C5BAC1EC89}.Release|Any CPU.Build.0 = Release|Any CPU
	EndGlobalSection
	GlobalSection(SolutionProperties) = preSolution
		HideSolutionNode = FALSE
	EndGlobalSection
	GlobalSection(ExtensibilityGlobals) = postSolution
		SolutionGuid = {C9FCD077-1E39-48C7-BC6C-4D11F98D6B81}
	EndGlobalSection
EndGlobal
